
Microsoft Visual Studio Solution File, Format Version 12.00
# Visual Studio Version 17
VisualStudioVersion = 17.0.31903.59
MinimumVisualStudioVersion = 10.0.40219.1
Project("{2150E333-8FDC-42A3-9474-1A3956D46DE8}") = "src", "src", "{0E9AD181-071C-461E-880D-5492101B081C}"
EndProject
Project("{FAE04EC0-301F-11D3-BF4B-00C04F79EFBC}") = "LearningApi", "src\LearningApi\LearningApi.csproj", "{1756E12E-A42A-4040-972C-BD68F2B7212B}"
EndProject
Project("{2150E333-8FDC-42A3-9474-1A3956D46DE8}") = "test", "test", "{D6B86BF1-9FA6-4108-A2B9-26D58FF77579}"
EndProject
Project("{FAE04EC0-301F-11D3-BF4B-00C04F79EFBC}") = "LearningApi.Tests", "test\LearningApi.Tests\LearningApi.Tests.csproj", "{9985864A-6023-4933-9EEE-08152D59CF54}"
EndProject
Global
	GlobalSection(SolutionConfigurationPlatforms) = preSolution
		Debug|Any CPU = Debug|Any CPU
		Release|Any CPU = Release|Any CPU
	EndGlobalSection
	GlobalSection(SolutionProperties) = preSolution
		HideSolutionNode = FALSE
	EndGlobalSection
	GlobalSection(ProjectConfigurationPlatforms) = postSolution
		{1756E12E-A42A-4040-972C-BD68F2B7212B}.Debug|Any CPU.ActiveCfg = Debug|Any CPU
		{1756E12E-A42A-4040-972C-BD68F2B7212B}.Debug|Any CPU.Build.0 = Debug|Any CPU
		{1756E12E-A42A-4040-972C-BD68F2B7212B}.Release|Any CPU.ActiveCfg = Release|Any CPU
		{1756E12E-A42A-4040-972C-BD68F2B7212B}.Release|Any CPU.Build.0 = Release|Any CPU
		{9985864A-6023-4933-9EEE-08152D59CF54}.Debug|Any CPU.ActiveCfg = Debug|Any CPU
		{9985864A-6023-4933-9EEE-08152D59CF54}.Debug|Any CPU.Build.0 = Debug|Any CPU
		{9985864A-6023-4933-9EEE-08152D59CF54}.Release|Any CPU.ActiveCfg = Release|Any CPU
		{9985864A-6023-4933-9EEE-08152D59CF54}.Release|Any CPU.Build.0 = Release|Any CPU
	EndGlobalSection
	GlobalSection(NestedProjects) = preSolution
		{1756E12E-A42A-4040-972C-BD68F2B7212B} = {0E9AD181-071C-461E-880D-5492101B081C}
		{9985864A-6023-4933-9EEE-08152D59CF54} = {D6B86BF1-9FA6-4108-A2B9-26D58FF77579}
	EndGlobalSection
EndGlobal
